# THIS IS AN AUTOGENERATED FILE. DO NOT EDIT THIS FILE DIRECTLY.
# yarn lockfile v1


"@cspotcode/source-map-support@^0.8.0":
  version "0.8.1"
  resolved "https://registry.npmjs.org/@cspotcode/source-map-support/-/source-map-support-0.8.1.tgz#00629c35a688e05a88b1cda684fb9d5e73f000a1"
  integrity sha512-IchNf6dN4tHoMFIn/7OE8LWZ19Y6q/67Bmf6vnGREv8RSbBVb9LPJxEcnwrcwX6ixSvaiGoomAUvu4YSxXrVgw==
  dependencies:
    "@jridgewell/trace-mapping" "0.3.9"

"@envelop/core@^4.0.0":
  version "4.0.3"
  resolved "https://registry.npmjs.org/@envelop/core/-/core-4.0.3.tgz#6bc3e1ed3b31aa41d81106eb5071a9b8eec188d0"
  integrity sha512-O0Vz8E0TObT6ijAob8jYFVJavcGywKThM3UAsxUIBBVPYZTMiqI9lo2gmAnbMUnrDcAYkUTZEW9FDYPRdF5l6g==
  dependencies:
    "@envelop/types" "4.0.1"
    tslib "^2.5.0"

"@envelop/types@4.0.1":
  version "4.0.1"
  resolved "https://registry.npmjs.org/@envelop/types/-/types-4.0.1.tgz#145690d8266a003cdb06dd58fa1236e3c80050a9"
  integrity sha512-ULo27/doEsP7uUhm2iTnElx13qTO6I5FKvmLoX41cpfuw8x6e0NUFknoqhEsLzAbgz8xVS5mjwcxGCXh4lDYzg==
  dependencies:
    tslib "^2.5.0"

"@graphql-tools/executor@^1.0.0":
  version "1.2.0"
  resolved "https://registry.npmjs.org/@graphql-tools/executor/-/executor-1.2.0.tgz#6c45f4add765769d9820c4c4405b76957ba39c79"
  integrity sha512-SKlIcMA71Dha5JnEWlw4XxcaJ+YupuXg0QCZgl2TOLFz4SkGCwU/geAsJvUJFwK2RbVLpQv/UMq67lOaBuwDtg==
  dependencies:
    "@graphql-tools/utils" "^10.0.0"
    "@graphql-typed-document-node/core" "3.2.0"
    "@repeaterjs/repeater" "^3.0.4"
    tslib "^2.4.0"
    value-or-promise "^1.0.12"

"@graphql-tools/merge@^9.0.0":
  version "9.0.0"
  resolved "https://registry.npmjs.org/@graphql-tools/merge/-/merge-9.0.0.tgz#b0a3636c82716454bff88e9bb40108b0471db281"
  integrity sha512-J7/xqjkGTTwOJmaJQJ2C+VDBDOWJL3lKrHJN4yMaRLAJH3PosB7GiPRaSDZdErs0+F77sH2MKs2haMMkywzx7Q==
  dependencies:
    "@graphql-tools/utils" "^10.0.0"
    tslib "^2.4.0"

"@graphql-tools/schema@^10.0.0":
  version "10.0.0"
  resolved "https://registry.npmjs.org/@graphql-tools/schema/-/schema-10.0.0.tgz#7b5f6b6a59f51c927de8c9069bde4ebbfefc64b3"
  integrity sha512-kf3qOXMFcMs2f/S8Y3A8fm/2w+GaHAkfr3Gnhh2LOug/JgpY/ywgFVxO3jOeSpSEdoYcDKLcXVjMigNbY4AdQg==
  dependencies:
    "@graphql-tools/merge" "^9.0.0"
    "@graphql-tools/utils" "^10.0.0"
    tslib "^2.4.0"
    value-or-promise "^1.0.12"

"@graphql-tools/utils@^10.0.0":
  version "10.0.7"
  resolved "https://registry.npmjs.org/@graphql-tools/utils/-/utils-10.0.7.tgz#ed88968b5ce53dabacbdd185df967aaab35f8549"
  integrity sha512-KOdeMj6Hd/MENDaqPbws3YJl3wVy0DeYnL7PyUms5Skyf7uzI9INynDwPMhLXfSb0/ph6BXTwMd5zBtWbF8tBQ==
  dependencies:
    "@graphql-typed-document-node/core" "^3.1.1"
    dset "^3.1.2"
    tslib "^2.4.0"

"@graphql-typed-document-node/core@3.2.0", "@graphql-typed-document-node/core@^3.1.1":
  version "3.2.0"
  resolved "https://registry.npmjs.org/@graphql-typed-document-node/core/-/core-3.2.0.tgz#5f3d96ec6b2354ad6d8a28bf216a1d97b5426861"
  integrity sha512-mB9oAsNCm9aM3/SOv4YtBMqZbYj10R7dkq8byBqxGY/ncFwhf2oQzMV+LCRlWoDSEBJ3COiR1yeDvMtsoOsuFQ==

"@graphql-yoga/logger@^1.0.0":
  version "1.0.0"
  resolved "https://registry.npmjs.org/@graphql-yoga/logger/-/logger-1.0.0.tgz#0fba12edd8c4b0b9c0f0a74b0d101f1646c3780e"
  integrity sha512-JYoxwnPggH2BfO+dWlWZkDeFhyFZqaTRGLvFhy+Pjp2UxitEW6nDrw+pEDw/K9tJwMjIFMmTT9VfTqrnESmBHg==
  dependencies:
    tslib "^2.5.2"

"@graphql-yoga/subscription@^4.0.0":
  version "4.0.0"
  resolved "https://registry.npmjs.org/@graphql-yoga/subscription/-/subscription-4.0.0.tgz#2bf5844ce8aeff46332650ad642218250201dcc5"
  integrity sha512-0qsN/BPPZNMoC2CZ8i+P6PgiJyHh1H35aKDt37qARBDaIOKDQuvEOq7+4txUKElcmXi7DYFo109FkhSQoEajrg==
  dependencies:
    "@graphql-yoga/typed-event-target" "^2.0.0"
    "@repeaterjs/repeater" "^3.0.4"
    "@whatwg-node/events" "^0.1.0"
    tslib "^2.5.2"

"@graphql-yoga/typed-event-target@^2.0.0":
  version "2.0.0"
  resolved "https://registry.npmjs.org/@graphql-yoga/typed-event-target/-/typed-event-target-2.0.0.tgz#41809fc8c101c27c61a5427d74e0d0ce824044db"
  integrity sha512-oA/VGxGmaSDym1glOHrltw43qZsFwLLjBwvh57B79UKX/vo3+UQcRgOyE44c5RP7DCYjkrC2tuArZmb6jCzysw==
  dependencies:
    "@repeaterjs/repeater" "^3.0.4"
    tslib "^2.5.2"

"@jridgewell/resolve-uri@^3.0.3":
  version "3.1.1"
  resolved "https://registry.npmjs.org/@jridgewell/resolve-uri/-/resolve-uri-3.1.1.tgz#c08679063f279615a3326583ba3a90d1d82cc721"
  integrity sha512-dSYZh7HhCDtCKm4QakX0xFpsRDqjjtZf/kjI/v3T3Nwt5r8/qz/M19F9ySyOqU94SXBmeG9ttTul+YnR4LOxFA==

"@jridgewell/sourcemap-codec@^1.4.10":
  version "1.4.15"
  resolved "https://registry.npmjs.org/@jridgewell/sourcemap-codec/-/sourcemap-codec-1.4.15.tgz#d7c6e6755c78567a951e04ab52ef0fd26de59f32"
  integrity sha512-eF2rxCRulEKXHTRiDrDy6erMYWqNw4LPdQ8UQA4huuxaQsVeRPFl2oM8oDGxMFhJUWZf9McpLtJasDDZb/Bpeg==

"@jridgewell/trace-mapping@0.3.9":
  version "0.3.9"
  resolved "https://registry.npmjs.org/@jridgewell/trace-mapping/-/trace-mapping-0.3.9.tgz#6534fd5933a53ba7cbf3a17615e273a0d1273ff9"
  integrity sha512-3Belt6tdc8bPgAtbcmdtNJlirVoTmEb5e2gC94PnkwEW9jI6CAHUeoG85tjWP5WquqfavoMtMwiG4P926ZKKuQ==
  dependencies:
    "@jridgewell/resolve-uri" "^3.0.3"
    "@jridgewell/sourcemap-codec" "^1.4.10"

"@pothos/core@^3.38.0":
  version "3.38.0"
  resolved "https://registry.npmjs.org/@pothos/core/-/core-3.38.0.tgz#db064bb0c35a6507435bbef38b40f13b2898701f"
  integrity sha512-2jlnvkrCmbrHxK269745TXxl185LwJtC5oMz4nbFP40LmVV9zbDV3WKqbG7D+3rg9hvxBe0RmmwWrOjNcGpICA==

"@pothos/plugin-prisma@^3.61.0":
  version "3.61.0"
  resolved "https://registry.npmjs.org/@pothos/plugin-prisma/-/plugin-prisma-3.61.0.tgz#43796b8449a31b34215a64eada0493a3f54b5f8f"
  integrity sha512-Wc70KaJe7Ni91yguAPT85JyXuvCuQw+uOn8CZrAFtIZeIzbxTZpLRBLupNan3gKNo3r53ceBcEXnqt4d/A8t+A==
  dependencies:
    "@prisma/generator-helper" "^5.4.1"

"@prisma/client@^5.4.2":
  version "5.4.2"
  resolved "https://registry.npmjs.org/@prisma/client/-/client-5.4.2.tgz#786f9c1d8f06d955933004ac638d14da4bf14025"
  integrity sha512-2xsPaz4EaMKj1WS9iW6MlPhmbqtBsXAOeVttSePp8vTFTtvzh2hZbDgswwBdSCgPzmmwF+tLB259QzggvCmJqA==
  dependencies:
    "@prisma/engines-version" "5.4.1-2.ac9d7041ed77bcc8a8dbd2ab6616b39013829574"

"@prisma/debug@5.4.2":
  version "5.4.2"
  resolved "https://registry.npmjs.org/@prisma/debug/-/debug-5.4.2.tgz#d8771871a90b0cb5c05d2e2813ce066dce5e6f9a"
  integrity sha512-YRRi7beaX/sAQs0WQ/Y0LndfWynyodJKO0qF0Vj/KQ8aynmllpL7Hahdm4MVEy6eDPeoX7FWu/otkHRGKWmKSQ==
  dependencies:
    "@types/debug" "4.1.9"
    debug "4.3.4"
    strip-ansi "6.0.1"

"@prisma/engines-version@5.4.1-2.ac9d7041ed77bcc8a8dbd2ab6616b39013829574":
  version "5.4.1-2.ac9d7041ed77bcc8a8dbd2ab6616b39013829574"
  resolved "https://registry.npmjs.org/@prisma/engines-version/-/engines-version-5.4.1-2.ac9d7041ed77bcc8a8dbd2ab6616b39013829574.tgz#ff14f2926890edee47e8f1d08df7b4f392ee34bf"
  integrity sha512-wvupDL4AA1vf4TQNANg7kR7y98ITqPsk6aacfBxZKtrJKRIsWjURHkZCGcQliHdqCiW/hGreO6d6ZuSv9MhdAA==

"@prisma/engines@5.4.2":
  version "5.4.2"
  resolved "https://registry.npmjs.org/@prisma/engines/-/engines-5.4.2.tgz#ba2b7faeb227c76e423e88f962afe6a031319f3f"
  integrity sha512-fqeucJ3LH0e1eyFdT0zRx+oETLancu5+n4lhiYECyEz6H2RDskPJHJYHkVc0LhkU4Uv7fuEnppKU3nVKNzMh8g==

"@prisma/generator-helper@^5.4.1":
  version "5.4.2"
  resolved "https://registry.npmjs.org/@prisma/generator-helper/-/generator-helper-5.4.2.tgz#02b8b212ffaa8ccd8462844695d515ea05b3de60"
  integrity sha512-UC2W3ZUs87jbdEOCmsQfCyGeuLA0oosAKgS+0vTCoZWnKUPGvMNxMqNPL08rpXTc1vwUFvl09R76ZVC3Zm7PHw==
  dependencies:
    "@prisma/debug" "5.4.2"
    "@types/cross-spawn" "6.0.3"
    cross-spawn "7.0.3"
    kleur "4.1.5"

"@repeaterjs/repeater@^3.0.4":
  version "3.0.4"
  resolved "https://registry.npmjs.org/@repeaterjs/repeater/-/repeater-3.0.4.tgz#a04d63f4d1bf5540a41b01a921c9a7fddc3bd1ca"
  integrity sha512-AW8PKd6iX3vAZ0vA43nOUOnbq/X5ihgU+mSXXqunMkeQADGiqw/PY0JNeYtD5sr0PAy51YPgAPbDoeapv9r8WA==

"@tsconfig/node10@^1.0.7":
  version "1.0.9"
  resolved "https://registry.npmjs.org/@tsconfig/node10/-/node10-1.0.9.tgz#df4907fc07a886922637b15e02d4cebc4c0021b2"
  integrity sha512-jNsYVVxU8v5g43Erja32laIDHXeoNvFEpX33OK4d6hljo3jDhCBDhx5dhCCTMWUojscpAagGiRkBKxpdl9fxqA==

"@tsconfig/node12@^1.0.7":
  version "1.0.11"
  resolved "https://registry.npmjs.org/@tsconfig/node12/-/node12-1.0.11.tgz#ee3def1f27d9ed66dac6e46a295cffb0152e058d"
  integrity sha512-cqefuRsh12pWyGsIoBKJA9luFu3mRxCA+ORZvA4ktLSzIuCUtWVxGIuXigEwO5/ywWFMZ2QEGKWvkZG1zDMTag==

"@tsconfig/node14@^1.0.0":
  version "1.0.3"
  resolved "https://registry.npmjs.org/@tsconfig/node14/-/node14-1.0.3.tgz#e4386316284f00b98435bf40f72f75a09dabf6c1"
  integrity sha512-ysT8mhdixWK6Hw3i1V2AeRqZ5WfXg1G43mqoYlM2nc6388Fq5jcXyr5mRsqViLx/GJYdoL0bfXD8nmF+Zn/Iow==

"@tsconfig/node16@^1.0.2":
  version "1.0.4"
  resolved "https://registry.npmjs.org/@tsconfig/node16/-/node16-1.0.4.tgz#0b92dcc0cc1c81f6f306a381f28e31b1a56536e9"
  integrity sha512-vxhUy4J8lyeyinH7Azl1pdd43GJhZH/tP2weN8TntQblOY+A0XbT8DJk1/oCPuOOyg/Ja757rG0CgHcWC8OfMA==

"@types/cross-spawn@6.0.3":
  version "6.0.3"
  resolved "https://registry.npmjs.org/@types/cross-spawn/-/cross-spawn-6.0.3.tgz#c743cb2608f55860ee9776d8c99135d6032c763c"
  integrity sha512-BDAkU7WHHRHnvBf5z89lcvACsvkz/n7Tv+HyD/uW76O29HoH1Tk/W6iQrepaZVbisvlEek4ygwT8IW7ow9XLAA==
  dependencies:
    "@types/node" "*"

"@types/debug@4.1.9":
  version "4.1.9"
  resolved "https://registry.npmjs.org/@types/debug/-/debug-4.1.9.tgz#906996938bc672aaf2fb8c0d3733ae1dda05b005"
  integrity sha512-8Hz50m2eoS56ldRlepxSBa6PWEVCtzUo/92HgLc2qTMnotJNIm7xP+UZhyWoYsyOdd5dxZ+NZLb24rsKyFs2ow==
  dependencies:
    "@types/ms" "*"

"@types/ms@*":
  version "0.7.32"
  resolved "https://registry.npmjs.org/@types/ms/-/ms-0.7.32.tgz#f6cd08939ae3ad886fcc92ef7f0109dacddf61ab"
  integrity sha512-xPSg0jm4mqgEkNhowKgZFBNtwoEwF6gJ4Dhww+GFpm3IgtNseHQZ5IqdNwnquZEoANxyDAKDRAdVo4Z72VvD/g==

"@types/node@*", "@types/node@^20.8.4":
  version "20.8.4"
  resolved "https://registry.npmjs.org/@types/node/-/node-20.8.4.tgz#0e9ebb2ff29d5c3302fc84477d066fa7c6b441aa"
  integrity sha512-ZVPnqU58giiCjSxjVUESDtdPk4QR5WQhhINbc9UBrKLU68MX5BF6kbQzTrkwbolyr0X8ChBpXfavr5mZFKZQ5A==
  dependencies:
    undici-types "~5.25.1"

"@whatwg-node/events@^0.1.0":
  version "0.1.1"
  resolved "https://registry.npmjs.org/@whatwg-node/events/-/events-0.1.1.tgz#0ca718508249419587e130da26d40e29d99b5356"
  integrity sha512-AyQEn5hIPV7Ze+xFoXVU3QTHXVbWPrzaOkxtENMPMuNL6VVHrp4hHfDt9nrQpjO7BgvuM95dMtkycX5M/DZR3w==

"@whatwg-node/fetch@^0.9.10", "@whatwg-node/fetch@^0.9.7":
  version "0.9.13"
  resolved "https://registry.npmjs.org/@whatwg-node/fetch/-/fetch-0.9.13.tgz#1d084cd546b9cd425ae89cbb1252a3e47a9a2e1c"
  integrity sha512-PPtMwhjtS96XROnSpowCQM85gCUG2m7AXZFw0PZlGbhzx2GK7f2iOXilfgIJ0uSlCuuGbOIzfouISkA7C4FJOw==
  dependencies:
    "@whatwg-node/node-fetch" "^0.4.17"
    urlpattern-polyfill "^9.0.0"

"@whatwg-node/node-fetch@^0.4.17":
  version "0.4.19"
  resolved "https://registry.npmjs.org/@whatwg-node/node-fetch/-/node-fetch-0.4.19.tgz#29c72ff65a8e450949238612ff17a3d3717736d3"
  integrity sha512-AW7/m2AuweAoSXmESrYQr/KBafueScNbn2iNO0u6xFr2JZdPmYsSm5yvAXYk6yDLv+eDmSSKrf7JnFZ0CsJIdA==
  dependencies:
    "@whatwg-node/events" "^0.1.0"
    busboy "^1.6.0"
    fast-querystring "^1.1.1"
    fast-url-parser "^1.1.3"
    tslib "^2.3.1"

"@whatwg-node/server@^0.9.1":
  version "0.9.14"
  resolved "https://registry.npmjs.org/@whatwg-node/server/-/server-0.9.14.tgz#54c47b50c370e46fabdcbbed06be3d84686b8a91"
  integrity sha512-I8TT0NoCP+xThLBuGlU6dgq5wpExkphNMo2geZwQW0vAmEPtc3MNMZMIYqg5GyNmpv5Nf7fnxb8tVOIHbDvuDA==
  dependencies:
    "@whatwg-node/fetch" "^0.9.10"
    tslib "^2.3.1"

acorn-walk@^8.1.1:
  version "8.2.0"
  resolved "https://registry.npmjs.org/acorn-walk/-/acorn-walk-8.2.0.tgz#741210f2e2426454508853a2f44d0ab83b7f69c1"
  integrity sha512-k+iyHEuPgSw6SbuDpGQM+06HQUa04DZ3o+F6CSzXMvvI5KMvnaEqXe+YVe555R9nn6GPt404fos4wcgpw12SDA==

acorn@^8.4.1:
  version "8.10.0"
  resolved "https://registry.npmjs.org/acorn/-/acorn-8.10.0.tgz#8be5b3907a67221a81ab23c7889c4c5526b62ec5"
  integrity sha512-F0SAmZ8iUtS//m8DmCTA0jlh6TDKkHQyK6xc6V4KDTyZKA9dnvX9/3sRTVQrWm79glUAZbnmmNcdYwUIHWVybw==

ansi-regex@^5.0.1:
  version "5.0.1"
  resolved "https://registry.npmjs.org/ansi-regex/-/ansi-regex-5.0.1.tgz#082cb2c89c9fe8659a311a53bd6a4dc5301db304"
  integrity sha512-quJQXlTSUGL2LH9SUXo8VwsY4soanhgo6LNSm84E1LBcE8s3O0wpdiRzyR9z/ZZJMlMWv37qOOb9pdJlMUEKFQ==

arg@^4.1.0:
  version "4.1.3"
  resolved "https://registry.npmjs.org/arg/-/arg-4.1.3.tgz#269fc7ad5b8e42cb63c896d5666017261c144089"
  integrity sha512-58S9QDqG0Xx27YwPSt9fJxivjYl432YCwfDMfZ+71RAqUrZef7LrKQZ3LHLOwCS4FLNBplP533Zx895SeOCHvA==

busboy@^1.6.0:
  version "1.6.0"
  resolved "https://registry.npmjs.org/busboy/-/busboy-1.6.0.tgz#966ea36a9502e43cdb9146962523b92f531f6893"
  integrity sha512-8SFQbg/0hQ9xy3UNTB0YEnsNBbWfhf7RtnzpL7TkBiTBRfrQ9Fxcnz7VJsleJpyp6rVLvXiuORqjlHi5q+PYuA==
  dependencies:
    streamsearch "^1.1.0"

create-require@^1.1.0:
  version "1.1.1"
  resolved "https://registry.npmjs.org/create-require/-/create-require-1.1.1.tgz#c1d7e8f1e5f6cfc9ff65f9cd352d37348756c333"
  integrity sha512-dcKFX3jn0MpIaXjisoRvexIJVEKzaq7z2rZKxf+MSr9TkdmHmsU4m2lcLojrj/FHl8mk5VxMmYA+ftRkP/3oKQ==

cross-spawn@7.0.3:
  version "7.0.3"
  resolved "https://registry.npmjs.org/cross-spawn/-/cross-spawn-7.0.3.tgz#f73a85b9d5d41d045551c177e2882d4ac85728a6"
  integrity sha512-iRDPJKUPVEND7dHPO8rkbOnPpyDygcDFtWjpeWNCgy8WP2rXcxXL8TskReQl6OrB2G7+UJrags1q15Fudc7G6w==
  dependencies:
    path-key "^3.1.0"
    shebang-command "^2.0.0"
    which "^2.0.1"

debug@4.3.4:
  version "4.3.4"
  resolved "https://registry.npmjs.org/debug/-/debug-4.3.4.tgz#1319f6579357f2338d3337d2cdd4914bb5dcc865"
  integrity sha512-PRWFHuSU3eDtQJPvnNY7Jcket1j0t5OuOsFzPPzsekD52Zl8qUfFIPEiswXqIvHWGVHOgX+7G/vCNNhehwxfkQ==
  dependencies:
    ms "2.1.2"

diff@^4.0.1:
  version "4.0.2"
  resolved "https://registry.npmjs.org/diff/-/diff-4.0.2.tgz#60f3aecb89d5fae520c11aa19efc2bb982aade7d"
  integrity sha512-58lmxKSA4BNyLz+HHMUzlOEpg09FV+ev6ZMe3vJihgdxzgcwZ8VoEEPmALCZG9LmqfVoNMMKpttIYTVG6uDY7A==

dset@^3.1.1, dset@^3.1.2:
  version "3.1.2"
  resolved "https://registry.npmjs.org/dset/-/dset-3.1.2.tgz#89c436ca6450398396dc6538ea00abc0c54cd45a"
  integrity sha512-g/M9sqy3oHe477Ar4voQxWtaPIFw1jTdKZuomOjhCcBx9nHUNn0pu6NopuFFrTh/TRZIKEj+76vLWFu9BNKk+Q==

fast-decode-uri-component@^1.0.1:
  version "1.0.1"
  resolved "https://registry.npmjs.org/fast-decode-uri-component/-/fast-decode-uri-component-1.0.1.tgz#46f8b6c22b30ff7a81357d4f59abfae938202543"
  integrity sha512-WKgKWg5eUxvRZGwW8FvfbaH7AXSh2cL+3j5fMGzUMCxWBJ3dV3a7Wz8y2f/uQ0e3B6WmodD3oS54jTQ9HVTIIg==

fast-querystring@^1.1.1:
  version "1.1.2"
  resolved "https://registry.npmjs.org/fast-querystring/-/fast-querystring-1.1.2.tgz#a6d24937b4fc6f791b4ee31dcb6f53aeafb89f53"
  integrity sha512-g6KuKWmFXc0fID8WWH0jit4g0AGBoJhCkJMb1RmbsSEUNvQ+ZC8D6CUZ+GtF8nMzSPXnhiePyyqqipzNNEnHjg==
  dependencies:
    fast-decode-uri-component "^1.0.1"

fast-url-parser@^1.1.3:
  version "1.1.3"
  resolved "https://registry.npmjs.org/fast-url-parser/-/fast-url-parser-1.1.3.tgz#f4af3ea9f34d8a271cf58ad2b3759f431f0b318d"
  integrity sha512-5jOCVXADYNuRkKFzNJ0dCCewsZiYo0dz8QNYljkOpFC6r2U4OBmKtvm/Tsuh4w1YYdDqDb31a8TVhBJ2OJKdqQ==
  dependencies:
    punycode "^1.3.2"

graphql-scalars@^1.22.4:
  version "1.22.4"
  resolved "https://registry.npmjs.org/graphql-scalars/-/graphql-scalars-1.22.4.tgz#af092b142bcfd5c1f8c53cb70ee1955ecd4ddb03"
  integrity sha512-ILnv7jq5VKHLUyoaTFX7lgYrjCd6vTee9i8/B+D4zJKJT5TguOl0KkpPEbXHjmeor8AZYrVsrYUHdqRBMX1pjA==
  dependencies:
    tslib "^2.5.0"

graphql-yoga@^4.0.5:
  version "4.0.5"
  resolved "https://registry.npmjs.org/graphql-yoga/-/graphql-yoga-4.0.5.tgz#7545f430d2e83998d22427b63fd511976dba47c4"
  integrity sha512-vIbJU9QX5RP4PoxbMCHcfOlt/3EsC/0uLdAOlKaiUvlwJDTFCaIHo2X10vL4i/27Gw8g90ECIwm2YbmeLDwcqg==
  dependencies:
    "@envelop/core" "^4.0.0"
    "@graphql-tools/executor" "^1.0.0"
    "@graphql-tools/schema" "^10.0.0"
    "@graphql-tools/utils" "^10.0.0"
    "@graphql-yoga/logger" "^1.0.0"
    "@graphql-yoga/subscription" "^4.0.0"
    "@whatwg-node/fetch" "^0.9.7"
    "@whatwg-node/server" "^0.9.1"
    dset "^3.1.1"
    lru-cache "^10.0.0"
    tslib "^2.5.2"

graphql@^16.8.1:
  version "16.8.1"
  resolved "https://registry.npmjs.org/graphql/-/graphql-16.8.1.tgz#1930a965bef1170603702acdb68aedd3f3cf6f07"
  integrity sha512-59LZHPdGZVh695Ud9lRzPBVTtlX9ZCV150Er2W43ro37wVof0ctenSaskPPjN7lVTIN8mSZt8PHUNKZuNQUuxw==

isexe@^2.0.0:
  version "2.0.0"
  resolved "https://registry.npmjs.org/isexe/-/isexe-2.0.0.tgz#e8fbf374dc556ff8947a10dcb0572d633f2cfa10"
  integrity sha512-RHxMLp9lnKHGHRng9QFhRCMbYAcVpn69smSGcq3f36xjgVVWThj4qqLbTLlq7Ssj8B+fIQ1EuCEGI2lKsyQeIw==

kleur@4.1.5:
  version "4.1.5"
  resolved "https://registry.npmjs.org/kleur/-/kleur-4.1.5.tgz#95106101795f7050c6c650f350c683febddb1780"
  integrity sha512-o+NO+8WrRiQEE4/7nwRJhN1HWpVmJm511pBHUxPLtp0BUISzlBplORYSmTclCnJvQq2tKu/sgl3xVpkc7ZWuQQ==

lru-cache@^10.0.0:
  version "10.0.1"
  resolved "https://registry.npmjs.org/lru-cache/-/lru-cache-10.0.1.tgz#0a3be479df549cca0e5d693ac402ff19537a6b7a"
  integrity sha512-IJ4uwUTi2qCccrioU6g9g/5rvvVl13bsdczUUcqbciD9iLr095yj8DQKdObriEvuNSx325N1rV1O0sJFszx75g==

make-error@^1.1.1:
  version "1.3.6"
  resolved "https://registry.npmjs.org/make-error/-/make-error-1.3.6.tgz#2eb2e37ea9b67c4891f684a1394799af484cf7a2"
  integrity sha512-s8UhlNe7vPKomQhC1qFelMokr/Sc3AgNbso3n74mVPA5LTZwkB9NlXf4XPamLxJE8h0gh73rM94xvwRT2CVInw==

ms@2.1.2:
  version "2.1.2"
  resolved "https://registry.npmjs.org/ms/-/ms-2.1.2.tgz#d09d1f357b443f493382a8eb3ccd183872ae6009"
  integrity sha512-sGkPx+VjMtmA6MX27oA4FBFELFCZZ4S4XqeGOXCv68tT+jb3vk/RyaKWP0PTKyWtmLSM0b+adUTEvbs1PEaH2w==

path-key@^3.1.0:
  version "3.1.1"
  resolved "https://registry.npmjs.org/path-key/-/path-key-3.1.1.tgz#581f6ade658cbba65a0d3380de7753295054f375"
  integrity sha512-ojmeN0qd+y0jszEtoY48r0Peq5dwMEkIlCOu6Q5f41lfkswXuKtYrhgoTpLnyIcHm24Uhqx+5Tqm2InSwLhE6Q==

prisma@^5.4.2:
  version "5.4.2"
  resolved "https://registry.npmjs.org/prisma/-/prisma-5.4.2.tgz#7eac9276439ec7073ec697c6c0dfa259d96e955e"
  integrity sha512-GDMZwZy7mysB2oXU+angQqJ90iaPFdD0rHaZNkn+dio5NRkGLmMqmXs31//tg/qXT3iB0cTQwnGGQNuirhSTZg==
  dependencies:
    "@prisma/engines" "5.4.2"

punycode@^1.3.2:
  version "1.4.1"
  resolved "https://registry.npmjs.org/punycode/-/punycode-1.4.1.tgz#c0d5a63b2718800ad8e1eb0fa5269c84dd41845e"
  integrity sha512-jmYNElW7yvO7TV33CjSmvSiE2yco3bV2czu/OzDKdMNVZQWfxCblURLhf+47syQRBntjfLdd/H0egrzIG+oaFQ==

shebang-command@^2.0.0:
  version "2.0.0"
  resolved "https://registry.npmjs.org/shebang-command/-/shebang-command-2.0.0.tgz#ccd0af4f8835fbdc265b82461aaf0c36663f34ea"
  integrity sha512-kHxr2zZpYtdmrN1qDjrrX/Z1rR1kG8Dx+gkpK1G4eXmvXswmcE1hTWBWYUzlraYw1/yZp6YuDY77YtvbN0dmDA==
  dependencies:
    shebang-regex "^3.0.0"

shebang-regex@^3.0.0:
  version "3.0.0"
  resolved "https://registry.npmjs.org/shebang-regex/-/shebang-regex-3.0.0.tgz#ae16f1644d873ecad843b0307b143362d4c42172"
  integrity sha512-7++dFhtcx3353uBaq8DDR4NuxBetBzC7ZQOhmTQInHEd6bSrXdiEyzCvG07Z44UYdLShWUyXt5M/yhz8ekcb1A==

streamsearch@^1.1.0:
  version "1.1.0"
  resolved "https://registry.npmjs.org/streamsearch/-/streamsearch-1.1.0.tgz#404dd1e2247ca94af554e841a8ef0eaa238da764"
  integrity sha512-Mcc5wHehp9aXz1ax6bZUyY5afg9u2rv5cqQI3mRrYkGC8rW2hM02jWuwjtL++LS5qinSyhj2QfLyNsuc+VsExg==

strip-ansi@6.0.1:
  version "6.0.1"
  resolved "https://registry.npmjs.org/strip-ansi/-/strip-ansi-6.0.1.tgz#9e26c63d30f53443e9489495b2105d37b67a85d9"
  integrity sha512-Y38VPSHcqkFrCpFnQ9vuSXmquuv5oXOKpGeT6aGrr3o3Gc9AlVa6JBfUSOCnbxGGZF+/0ooI7KrPuUSztUdU5A==
  dependencies:
    ansi-regex "^5.0.1"

ts-node@^10.9.1:
  version "10.9.1"
  resolved "https://registry.npmjs.org/ts-node/-/ts-node-10.9.1.tgz#e73de9102958af9e1f0b168a6ff320e25adcff4b"
  integrity sha512-NtVysVPkxxrwFGUUxGYhfux8k78pQB3JqYBXlLRZgdGUqTO5wU/UyHop5p70iEbGhB7q5KmiZiU0Y3KlJrScEw==
  dependencies:
    "@cspotcode/source-map-support" "^0.8.0"
    "@tsconfig/node10" "^1.0.7"
    "@tsconfig/node12" "^1.0.7"
    "@tsconfig/node14" "^1.0.0"
    "@tsconfig/node16" "^1.0.2"
    acorn "^8.4.1"
    acorn-walk "^8.1.1"
    arg "^4.1.0"
    create-require "^1.1.0"
    diff "^4.0.1"
    make-error "^1.1.1"
    v8-compile-cache-lib "^3.0.1"
    yn "3.1.1"

tslib@^2.3.1, tslib@^2.4.0, tslib@^2.5.0, tslib@^2.5.2:
  version "2.6.2"
  resolved "https://registry.npmjs.org/tslib/-/tslib-2.6.2.tgz#703ac29425e7b37cd6fd456e92404d46d1f3e4ae"
  integrity sha512-AEYxH93jGFPn/a2iVAwW87VuUIkR1FVUKB77NwMF7nBTDkDrrT/Hpt/IrCJ0QXhW27jTBDcf5ZY7w6RiqTMw2Q==

typescript@^5.2.2:
  version "5.2.2"
  resolved "https://registry.npmjs.org/typescript/-/typescript-5.2.2.tgz#5ebb5e5a5b75f085f22bc3f8460fba308310fa78"
  integrity sha512-mI4WrpHsbCIcwT9cF4FZvr80QUeKvsUsUvKDoR+X/7XHQH98xYD8YHZg7ANtz2GtZt/CBq2QJ0thkGJMHfqc1w==

undici-types@~5.25.1:
  version "5.25.3"
  resolved "https://registry.npmjs.org/undici-types/-/undici-types-5.25.3.tgz#e044115914c85f0bcbb229f346ab739f064998c3"
  integrity sha512-Ga1jfYwRn7+cP9v8auvEXN1rX3sWqlayd4HP7OKk4mZWylEmu3KzXDUGrQUN6Ol7qo1gPvB2e5gX6udnyEPgdA==

urlpattern-polyfill@^9.0.0:
  version "9.0.0"
  resolved "https://registry.npmjs.org/urlpattern-polyfill/-/urlpattern-polyfill-9.0.0.tgz#bc7e386bb12fd7898b58d1509df21d3c29ab3460"
  integrity sha512-WHN8KDQblxd32odxeIgo83rdVDE2bvdkb86it7bMhYZwWKJz0+O0RK/eZiHYnM+zgt/U7hAHOlCQGfjjvSkw2g==

v8-compile-cache-lib@^3.0.1:
  version "3.0.1"
  resolved "https://registry.npmjs.org/v8-compile-cache-lib/-/v8-compile-cache-lib-3.0.1.tgz#6336e8d71965cb3d35a1bbb7868445a7c05264bf"
  integrity sha512-wa7YjyUGfNZngI/vtK0UHAN+lgDCxBPCylVXGp0zu59Fz5aiGtNXaq3DhIov063MorB+VfufLh3JlF2KdTK3xg==

value-or-promise@^1.0.12:
  version "1.0.12"
  resolved "https://registry.npmjs.org/value-or-promise/-/value-or-promise-1.0.12.tgz#0e5abfeec70148c78460a849f6b003ea7986f15c"
  integrity sha512-Z6Uz+TYwEqE7ZN50gwn+1LCVo9ZVrpxRPOhOLnncYkY1ZzOYtrX8Fwf/rFktZ8R5mJms6EZf5TqNOMeZmnPq9Q==

which@^2.0.1:
  version "2.0.2"
  resolved "https://registry.npmjs.org/which/-/which-2.0.2.tgz#7c6a8dd0a636a0327e10b59c9286eee93f3f51b1"
  integrity sha512-BLI3Tl1TW3Pvl70l3yq3Y64i+awpwXqsGBYWkkqMtnbXgrMD+yj7rhW0kuEDxzJaYXGjEW5ogapKNMEKNMjibA==
  dependencies:
    isexe "^2.0.0"

yn@3.1.1:
  version "3.1.1"
  resolved "https://registry.npmjs.org/yn/-/yn-3.1.1.tgz#1e87401a09d767c1d5eab26a6e4c185182d2eb50"
  integrity sha512-Ux4ygGWsu2c7isFWe8Yu1YluJmqVhxqK2cLXNQA5AcC3QfbGNpM7fu0Y8b/z16pXLnFxZYvWhd3fhBY9DLmC6Q==
